
Microsoft Visual Studio Solution File, Format Version 12.00
# Visual Studio Version 17
VisualStudioVersion = 17.14.36717.8 d17.14
MinimumVisualStudioVersion = 10.0.40219.1
Project("{FAE04EC0-301F-11D3-BF4B-00C04F79EFBC}") = "LicenciaSistemas", "LicenciaSistemas.csproj", "{583DD6AE-02DD-42AB-8D0F-8245584E023F}"
EndProject
Global
	GlobalSection(SolutionConfigurationPlatforms) = preSolution
		Debug|Any CPU = Debug|Any CPU
		Release|Any CPU = Release|Any CPU
	EndGlobalSection
	GlobalSection(ProjectConfigurationPlatforms) = postSolution
		{583DD6AE-02DD-42AB-8D0F-8245584E023F}.Debug|Any CPU.ActiveCfg = Debug|Any CPU
		{583DD6AE-02DD-42AB-8D0F-8245584E023F}.Debug|Any CPU.Build.0 = Debug|Any CPU
		{583DD6AE-02DD-42AB-8D0F-8245584E023F}.Release|Any CPU.ActiveCfg = Release|Any CPU
		{583DD6AE-02DD-42AB-8D0F-8245584E023F}.Release|Any CPU.Build.0 = Release|Any CPU
	EndGlobalSection
	GlobalSection(SolutionProperties) = preSolution
		HideSolutionNode = FALSE
	EndGlobalSection
	GlobalSection(ExtensibilityGlobals) = postSolution
		SolutionGuid = {3375ECFE-8E00-42C4-BAA6-B393CEF693BD}
	EndGlobalSection
EndGlobal
